
Microsoft Visual Studio Solution File, Format Version 12.00
# Visual Studio Version 17
VisualStudioVersion = 17.7.34024.191
MinimumVisualStudioVersion = 10.0.40219.1
Project("{FAE04EC0-301F-11D3-BF4B-00C04F79EFBC}") = "Tourism.Api", "Tourism.Api\Tourism.Api.csproj", "{87D5992D-7138-44E2-AD79-1BDFA6EEC845}"
EndProject
Project("{FAE04EC0-301F-11D3-BF4B-00C04F79EFBC}") = "Tourism.Core", "Tourism.Core\Tourism.Core.csproj", "{5E12B491-F09E-4F79-9152-7A64009FA092}"
EndProject
Project("{FAE04EC0-301F-11D3-BF4B-00C04F79EFBC}") = "Tourism.Repository", "Tourism.Repository\Tourism.Repository.csproj", "{1B270CDA-AC2F-42F6-AACD-B5AA00CDF961}"
EndProject
Project("{FAE04EC0-301F-11D3-BF4B-00C04F79EFBC}") = "Tourism.Service", "Tourism.Service\Tourism.Service.csproj", "{66D38928-517E-4E63-94E5-BD425D18C533}"
EndProject
Global
	GlobalSection(SolutionConfigurationPlatforms) = preSolution
		Debug|Any CPU = Debug|Any CPU
		Release|Any CPU = Release|Any CPU
	EndGlobalSection
	GlobalSection(ProjectConfigurationPlatforms) = postSolution
		{87D5992D-7138-44E2-AD79-1BDFA6EEC845}.Debug|Any CPU.ActiveCfg = Debug|Any CPU
		{87D5992D-7138-44E2-AD79-1BDFA6EEC845}.Debug|Any CPU.Build.0 = Debug|Any CPU
		{87D5992D-7138-44E2-AD79-1BDFA6EEC845}.Release|Any CPU.ActiveCfg = Release|Any CPU
		{87D5992D-7138-44E2-AD79-1BDFA6EEC845}.Release|Any CPU.Build.0 = Release|Any CPU
		{5E12B491-F09E-4F79-9152-7A64009FA092}.Debug|Any CPU.ActiveCfg = Debug|Any CPU
		{5E12B491-F09E-4F79-9152-7A64009FA092}.Debug|Any CPU.Build.0 = Debug|Any CPU
		{5E12B491-F09E-4F79-9152-7A64009FA092}.Release|Any CPU.ActiveCfg = Release|Any CPU
		{5E12B491-F09E-4F79-9152-7A64009FA092}.Release|Any CPU.Build.0 = Release|Any CPU
		{1B270CDA-AC2F-42F6-AACD-B5AA00CDF961}.Debug|Any CPU.ActiveCfg = Debug|Any CPU
		{1B270CDA-AC2F-42F6-AACD-B5AA00CDF961}.Debug|Any CPU.Build.0 = Debug|Any CPU
		{1B270CDA-AC2F-42F6-AACD-B5AA00CDF961}.Release|Any CPU.ActiveCfg = Release|Any CPU
		{1B270CDA-AC2F-42F6-AACD-B5AA00CDF961}.Release|Any CPU.Build.0 = Release|Any CPU
		{66D38928-517E-4E63-94E5-BD425D18C533}.Debug|Any CPU.ActiveCfg = Debug|Any CPU
		{66D38928-517E-4E63-94E5-BD425D18C533}.Debug|Any CPU.Build.0 = Debug|Any CPU
		{66D38928-517E-4E63-94E5-BD425D18C533}.Release|Any CPU.ActiveCfg = Release|Any CPU
		{66D38928-517E-4E63-94E5-BD425D18C533}.Release|Any CPU.Build.0 = Release|Any CPU
	EndGlobalSection
	GlobalSection(SolutionProperties) = preSolution
		HideSolutionNode = FALSE
	EndGlobalSection
	GlobalSection(ExtensibilityGlobals) = postSolution
		SolutionGuid = {77DAC06D-32FC-4911-A53F-DC467184DD97}
	EndGlobalSection
EndGlobal
